
Microsoft Visual Studio Solution File, Format Version 10.00
# Visual Studio 2008
Project("{FAE04EC0-301F-11D3-BF4B-00C04F79EFBC}") = "CodeSnippets", "CodeSnippets\CodeSnippets.csproj", "{2B510F1F-4BC2-4256-AF4E-C8D34395A7B4}"
EndProject
Global
	GlobalSection(SolutionConfigurationPlatforms) = preSolution
		Debug|Any CPU = Debug|Any CPU
		Release|Any CPU = Release|Any CPU
	EndGlobalSection
	GlobalSection(ProjectConfigurationPlatforms) = postSolution
		{2B510F1F-4BC2-4256-AF4E-C8D34395A7B4}.Debug|Any CPU.ActiveCfg = Debug|Any CPU
		{2B510F1F-4BC2-4256-AF4E-C8D34395A7B4}.Debug|Any CPU.Build.0 = Debug|Any CPU
		{2B510F1F-4BC2-4256-AF4E-C8D34395A7B4}.Release|Any CPU.ActiveCfg = Release|Any CPU
		{2B510F1F-4BC2-4256-AF4E-C8D34395A7B4}.Release|Any CPU.Build.0 = Release|Any CPU
	EndGlobalSection
	GlobalSection(SolutionProperties) = preSolution
		HideSolutionNode = FALSE
	EndGlobalSection
EndGlobal
